{
  "version": 4,
  "terraform_version": "1.6.5",
  "serial": 14,
  "lineage": "9387cebf-50cf-54cf-522b-31c9da43a693",
  "outputs": {},
  "resources": [
    {
      "mode": "managed",
      "type": "azurerm_resource_group",
      "name": "example",
      "provider": "provider[\"registry.terraform.io/hashicorp/azurerm\"]",
      "instances": [
        {
          "schema_version": 0,
          "attributes": {
            "id": "/subscriptions/440f18e9-acf6-47fe-b569-3381e45a2c73/resourceGroups/iac-cloudchallenge",
            "location": "ukwest",
            "name": "iac-cloudchallenge",
            "tags": {},
            "timeouts": null
          },
          "sensitive_attributes": [],
          "private": "eyJlMmJmYjczMC1lY2FhLTExZTYtOGY4OC0zNDM2M2JjN2M0YzAiOnsiY3JlYXRlIjo1NDAwMDAwMDAwMDAwLCJkZWxldGUiOjU0MDAwMDAwMDAwMDAsInJlYWQiOjMwMDAwMDAwMDAwMCwidXBkYXRlIjo1NDAwMDAwMDAwMDAwfX0="
        }
      ]
    },
    {
      "mode": "managed",
      "type": "azurerm_storage_account",
      "name": "example",
      "provider": "provider[\"registry.terraform.io/hashicorp/azurerm\"]",
      "instances": [
        {
          "schema_version": 3,
          "attributes": {
            "access_tier": "Hot",
            "account_kind": "StorageV2",
            "account_replication_type": "LRS",
            "account_tier": "Standard",
            "allow_nested_items_to_be_public": true,
            "azure_files_authentication": [],
            "blob_properties": [
              {
                "change_feed_enabled": false,
                "container_delete_retention_policy": [],
                "cors_rule": [],
                "default_service_version": "",
                "delete_retention_policy": [],
                "last_access_time_enabled": false,
                "versioning_enabled": false
              }
            ],
            "custom_domain": [],
            "customer_managed_key": [],
            "edge_zone": "",
            "enable_https_traffic_only": true,
            "id": "/subscriptions/440f18e9-acf6-47fe-b569-3381e45a2c73/resourceGroups/iac-cloudchallenge/providers/Microsoft.Storage/storageAccounts/iacstoragecloudchallenge",
            "identity": [],
            "infrastructure_encryption_enabled": false,
            "is_hns_enabled": false,
            "large_file_share_enabled": null,
            "location": "uksouth",
            "min_tls_version": "TLS1_2",
            "name": "iacstoragecloudchallenge",
            "network_rules": [
              {
                "bypass": [
                  "AzureServices"
                ],
                "default_action": "Allow",
                "ip_rules": [],
                "private_link_access": [],
                "virtual_network_subnet_ids": []
              }
            ],
            "nfsv3_enabled": false,
            "primary_access_key": "0yCPC3yJCguT9kk+dNceFq81/wG54maBQCaHRJBgmlqc0t1zhQJYsrbH8aB6AObiC8eiKeQjbzNN+AStOHNX3g==",
            "primary_blob_connection_string": "DefaultEndpointsProtocol=https;BlobEndpoint=https://iacstoragecloudchallenge.blob.core.windows.net/;AccountName=iacstoragecloudchallenge;AccountKey=0yCPC3yJCguT9kk+dNceFq81/wG54maBQCaHRJBgmlqc0t1zhQJYsrbH8aB6AObiC8eiKeQjbzNN+AStOHNX3g==",
            "primary_blob_endpoint": "https://iacstoragecloudchallenge.blob.core.windows.net/",
            "primary_blob_host": "iacstoragecloudchallenge.blob.core.windows.net",
            "primary_connection_string": "DefaultEndpointsProtocol=https;AccountName=iacstoragecloudchallenge;AccountKey=0yCPC3yJCguT9kk+dNceFq81/wG54maBQCaHRJBgmlqc0t1zhQJYsrbH8aB6AObiC8eiKeQjbzNN+AStOHNX3g==;EndpointSuffix=core.windows.net",
            "primary_dfs_endpoint": "https://iacstoragecloudchallenge.dfs.core.windows.net/",
            "primary_dfs_host": "iacstoragecloudchallenge.dfs.core.windows.net",
            "primary_file_endpoint": "https://iacstoragecloudchallenge.file.core.windows.net/",
            "primary_file_host": "iacstoragecloudchallenge.file.core.windows.net",
            "primary_location": "uksouth",
            "primary_queue_endpoint": "https://iacstoragecloudchallenge.queue.core.windows.net/",
            "primary_queue_host": "iacstoragecloudchallenge.queue.core.windows.net",
            "primary_table_endpoint": "https://iacstoragecloudchallenge.table.core.windows.net/",
            "primary_table_host": "iacstoragecloudchallenge.table.core.windows.net",
            "primary_web_endpoint": "https://iacstoragecloudchallenge.z33.web.core.windows.net/",
            "primary_web_host": "iacstoragecloudchallenge.z33.web.core.windows.net",
            "queue_encryption_key_type": "Service",
            "queue_properties": [
              {
                "cors_rule": [],
                "hour_metrics": [
                  {
                    "enabled": true,
                    "include_apis": true,
                    "retention_policy_days": 7,
                    "version": "1.0"
                  }
                ],
                "logging": [
                  {
                    "delete": false,
                    "read": false,
                    "retention_policy_days": 0,
                    "version": "1.0",
                    "write": false
                  }
                ],
                "minute_metrics": [
                  {
                    "enabled": false,
                    "include_apis": false,
                    "retention_policy_days": 0,
                    "version": "1.0"
                  }
                ]
              }
            ],
            "resource_group_name": "iac-cloudchallenge",
            "routing": [],
            "secondary_access_key": "Y4wv9hPbdKy8x0IHj/xFGq+8+IhS1XC3S20pU4dFIm7tvAa5MAoklJjZTqSJ+vY3i+jJ090Y6jXJ+AStQu65TQ==",
            "secondary_blob_connection_string": "",
            "secondary_blob_endpoint": null,
            "secondary_blob_host": null,
            "secondary_connection_string": "DefaultEndpointsProtocol=https;AccountName=iacstoragecloudchallenge;AccountKey=Y4wv9hPbdKy8x0IHj/xFGq+8+IhS1XC3S20pU4dFIm7tvAa5MAoklJjZTqSJ+vY3i+jJ090Y6jXJ+AStQu65TQ==;EndpointSuffix=core.windows.net",
            "secondary_dfs_endpoint": null,
            "secondary_dfs_host": null,
            "secondary_file_endpoint": null,
            "secondary_file_host": null,
            "secondary_location": "",
            "secondary_queue_endpoint": null,
            "secondary_queue_host": null,
            "secondary_table_endpoint": null,
            "secondary_table_host": null,
            "secondary_web_endpoint": null,
            "secondary_web_host": null,
            "share_properties": [
              {
                "cors_rule": [],
                "retention_policy": [
                  {
                    "days": 7
                  }
                ],
                "smb": []
              }
            ],
            "shared_access_key_enabled": true,
            "static_website": [
              {
                "error_404_document": "",
                "index_document": "C:\\Users\\njds1\\OneDrive\\Documents\\DevOps\\CloudResumeChallenge\\frontend\\index.html"
              }
            ],
            "table_encryption_key_type": "Service",
            "tags": {},
            "timeouts": null
          },
          "sensitive_attributes": [],
          "private": "eyJlMmJmYjczMC1lY2FhLTExZTYtOGY4OC0zNDM2M2JjN2M0YzAiOnsiY3JlYXRlIjozNjAwMDAwMDAwMDAwLCJkZWxldGUiOjM2MDAwMDAwMDAwMDAsInJlYWQiOjMwMDAwMDAwMDAwMCwidXBkYXRlIjozNjAwMDAwMDAwMDAwfSwic2NoZW1hX3ZlcnNpb24iOiIzIn0=",
          "dependencies": [
            "azurerm_resource_group.example"
          ]
        }
      ]
    },
    {
      "mode": "managed",
      "type": "azurerm_storage_blob",
      "name": "css",
      "provider": "provider[\"registry.terraform.io/hashicorp/azurerm\"]",
      "instances": [
        {
          "schema_version": 1,
          "attributes": {
            "access_tier": "Hot",
            "cache_control": "",
            "content_md5": "",
            "content_type": "application/octet-stream",
            "id": "https://iacstoragecloudchallenge.blob.core.windows.net/$web/styles.css",
            "metadata": {},
            "name": "styles.css",
            "parallelism": 8,
            "size": 0,
            "source": "C:\\Users\\njds1\\OneDrive\\Documents\\DevOps\\CloudResumeChallenge\\frontend\\styles.css",
            "source_content": null,
            "source_uri": null,
            "storage_account_name": "iacstoragecloudchallenge",
            "storage_container_name": "$web",
            "timeouts": null,
            "type": "Block",
            "url": "https://iacstoragecloudchallenge.blob.core.windows.net/$web/styles.css"
          },
          "sensitive_attributes": [],
          "private": "eyJlMmJmYjczMC1lY2FhLTExZTYtOGY4OC0zNDM2M2JjN2M0YzAiOnsiY3JlYXRlIjoxODAwMDAwMDAwMDAwLCJkZWxldGUiOjE4MDAwMDAwMDAwMDAsInJlYWQiOjMwMDAwMDAwMDAwMCwidXBkYXRlIjoxODAwMDAwMDAwMDAwfSwic2NoZW1hX3ZlcnNpb24iOiIxIn0=",
          "dependencies": [
            "azurerm_resource_group.example",
            "azurerm_storage_account.example"
          ]
        }
      ]
    },
    {
      "mode": "managed",
      "type": "azurerm_storage_blob",
      "name": "html",
      "provider": "provider[\"registry.terraform.io/hashicorp/azurerm\"]",
      "instances": [
        {
          "schema_version": 1,
          "attributes": {
            "access_tier": "Hot",
            "cache_control": "",
            "content_md5": "",
            "content_type": "application/octet-stream",
            "id": "https://iacstoragecloudchallenge.blob.core.windows.net/$web/index.html",
            "metadata": {},
            "name": "index.html",
            "parallelism": 8,
            "size": 0,
            "source": "C:\\Users\\njds1\\OneDrive\\Documents\\DevOps\\CloudResumeChallenge\\frontend\\index.html",
            "source_content": null,
            "source_uri": null,
            "storage_account_name": "iacstoragecloudchallenge",
            "storage_container_name": "$web",
            "timeouts": null,
            "type": "Block",
            "url": "https://iacstoragecloudchallenge.blob.core.windows.net/$web/index.html"
          },
          "sensitive_attributes": [],
          "private": "eyJlMmJmYjczMC1lY2FhLTExZTYtOGY4OC0zNDM2M2JjN2M0YzAiOnsiY3JlYXRlIjoxODAwMDAwMDAwMDAwLCJkZWxldGUiOjE4MDAwMDAwMDAwMDAsInJlYWQiOjMwMDAwMDAwMDAwMCwidXBkYXRlIjoxODAwMDAwMDAwMDAwfSwic2NoZW1hX3ZlcnNpb24iOiIxIn0=",
          "dependencies": [
            "azurerm_resource_group.example",
            "azurerm_storage_account.example"
          ]
        }
      ]
    },
    {
      "mode": "managed",
      "type": "azurerm_storage_blob",
      "name": "js",
      "provider": "provider[\"registry.terraform.io/hashicorp/azurerm\"]",
      "instances": [
        {
          "schema_version": 1,
          "attributes": {
            "access_tier": "Hot",
            "cache_control": "",
            "content_md5": "",
            "content_type": "application/octet-stream",
            "id": "https://iacstoragecloudchallenge.blob.core.windows.net/$web/index.js",
            "metadata": {},
            "name": "index.js",
            "parallelism": 8,
            "size": 0,
            "source": "C:\\Users\\njds1\\OneDrive\\Documents\\DevOps\\CloudResumeChallenge\\frontend\\index.js",
            "source_content": null,
            "source_uri": null,
            "storage_account_name": "iacstoragecloudchallenge",
            "storage_container_name": "$web",
            "timeouts": null,
            "type": "Block",
            "url": "https://iacstoragecloudchallenge.blob.core.windows.net/$web/index.js"
          },
          "sensitive_attributes": [],
          "private": "eyJlMmJmYjczMC1lY2FhLTExZTYtOGY4OC0zNDM2M2JjN2M0YzAiOnsiY3JlYXRlIjoxODAwMDAwMDAwMDAwLCJkZWxldGUiOjE4MDAwMDAwMDAwMDAsInJlYWQiOjMwMDAwMDAwMDAwMCwidXBkYXRlIjoxODAwMDAwMDAwMDAwfSwic2NoZW1hX3ZlcnNpb24iOiIxIn0=",
          "dependencies": [
            "azurerm_resource_group.example",
            "azurerm_storage_account.example"
          ]
        }
      ]
    }
  ],
  "check_results": null
}
